
Microsoft Visual Studio Solution File, Format Version 12.00
# Visual Studio Version 16
VisualStudioVersion = 16.0.29009.5
MinimumVisualStudioVersion = 10.0.40219.1
Project("{FAE04EC0-301F-11D3-BF4B-00C04F79EFBC}") = "DevExtremeMvcApp1", "DevExtremeMvcApp1\DevExtremeMvcApp1.csproj", "{CFDB90FC-C8D8-4C7E-B3E8-15A48F705939}"
EndProject
Global
	GlobalSection(SolutionConfigurationPlatforms) = preSolution
		Debug|Any CPU = Debug|Any CPU
		Release|Any CPU = Release|Any CPU
	EndGlobalSection
	GlobalSection(ProjectConfigurationPlatforms) = postSolution
		{CFDB90FC-C8D8-4C7E-B3E8-15A48F705939}.Debug|Any CPU.ActiveCfg = Debug|Any CPU
		{CFDB90FC-C8D8-4C7E-B3E8-15A48F705939}.Debug|Any CPU.Build.0 = Debug|Any CPU
		{CFDB90FC-C8D8-4C7E-B3E8-15A48F705939}.Release|Any CPU.ActiveCfg = Release|Any CPU
		{CFDB90FC-C8D8-4C7E-B3E8-15A48F705939}.Release|Any CPU.Build.0 = Release|Any CPU
	EndGlobalSection
	GlobalSection(SolutionProperties) = preSolution
		HideSolutionNode = FALSE
	EndGlobalSection
	GlobalSection(ExtensibilityGlobals) = postSolution
		SolutionGuid = {0EB409D6-5281-4621-9C3D-C3E9F453DA6B}
	EndGlobalSection
EndGlobal
